
Microsoft Visual Studio Solution File, Format Version 12.00
# Visual Studio Version 17
VisualStudioVersion = 17.8.34330.188
MinimumVisualStudioVersion = 10.0.40219.1
Project("{888888A0-9F3D-457C-B088-3A5042F75D52}") = "WikiSummarization", "WikiSummarization.pyproj", "{6A4A1C1D-EFCE-4F1B-8C95-74DBBA97D4D8}"
EndProject
Global
	GlobalSection(SolutionConfigurationPlatforms) = preSolution
		Debug|Any CPU = Debug|Any CPU
		Release|Any CPU = Release|Any CPU
	EndGlobalSection
	GlobalSection(ProjectConfigurationPlatforms) = postSolution
		{6A4A1C1D-EFCE-4F1B-8C95-74DBBA97D4D8}.Debug|Any CPU.ActiveCfg = Debug|Any CPU
		{6A4A1C1D-EFCE-4F1B-8C95-74DBBA97D4D8}.Release|Any CPU.ActiveCfg = Release|Any CPU
	EndGlobalSection
	GlobalSection(SolutionProperties) = preSolution
		HideSolutionNode = FALSE
	EndGlobalSection
	GlobalSection(ExtensibilityGlobals) = postSolution
		SolutionGuid = {52B52F91-A77C-4DD1-9AAC-C9E95F6E86C6}
	EndGlobalSection
EndGlobal
